// !$*UTF8*$!
{
	archiveVersion = 1;
	classes = {
	};
	objectVersion = 46;
	objects = {

/* Begin PBXBuildFile section */
		58ACEF6B1D51576F00CD2538 /* ExplodeKit.swift in Sources */ = {isa = PBXBuildFile; fileRef = 58ACEF6A1D51576F00CD2538 /* ExplodeKit.swift */; };
		58E75D4B1D509DE400A38567 /* AppDelegate.swift in Sources */ = {isa = PBXBuildFile; fileRef = 58E75D4A1D509DE400A38567 /* AppDelegate.swift */; };
		58E75D4D1D509DE400A38567 /* ViewController.swift in Sources */ = {isa = PBXBuildFile; fileRef = 58E75D4C1D509DE400A38567 /* ViewController.swift */; };
		58E75D501D509DE400A38567 /* Main.storyboard in Resources */ = {isa = PBXBuildFile; fileRef = 58E75D4E1D509DE400A38567 /* Main.storyboard */; };
		58E75D521D509DE400A38567 /* Assets.xcassets in Resources */ = {isa = PBXBuildFile; fileRef = 58E75D511D509DE400A38567 /* Assets.xcassets */; };
		58E75D551D509DE400A38567 /* LaunchScreen.storyboard in Resources */ = {isa = PBXBuildFile; fileRef = 58E75D531D509DE400A38567 /* LaunchScreen.storyboard */; };
		58E75D601D509DE400A38567 /* ExplodeKitTests.swift in Sources */ = {isa = PBXBuildFile; fileRef = 58E75D5F1D509DE400A38567 /* ExplodeKitTests.swift */; };
		58E75D741D50C6BB00A38567 /* 1cecc7a77928ca8133fa24680a88d2f9.jpg in Resources */ = {isa = PBXBuildFile; fileRef = 58E75D731D50C6BB00A38567 /* 1cecc7a77928ca8133fa24680a88d2f9.jpg */; };
		74A44E7F1D5BD1CB0086F2B8 /* TableViewExample.swift in Sources */ = {isa = PBXBuildFile; fileRef = 74A44E7E1D5BD1CB0086F2B8 /* TableViewExample.swift */; };
		74B5B7B01D5BD7C10017EB78 /* TableViewCell.swift in Sources */ = {isa = PBXBuildFile; fileRef = 74B5B7AF1D5BD7C10017EB78 /* TableViewCell.swift */; };
/* End PBXBuildFile section */

/* Begin PBXContainerItemProxy section */
		58E75D5C1D509DE400A38567 /* PBXContainerItemProxy */ = {
			isa = PBXContainerItemProxy;
			containerPortal = 58E75D3F1D509DE300A38567 /* Project object */;
			proxyType = 1;
			remoteGlobalIDString = 58E75D461D509DE400A38567;
			remoteInfo = ExplodeKit;
		};
/* End PBXContainerItemProxy section */

/* Begin PBXFileReference section */
		58ACEF6A1D51576F00CD2538 /* ExplodeKit.swift */ = {isa = PBXFileReference; fileEncoding = 4; lastKnownFileType = sourcecode.swift; name = ExplodeKit.swift; path = ExplodeKit/ExplodeKit.swift; sourceTree = "<group>"; };
		58E75D471D509DE400A38567 /* ExplodeKit.app */ = {isa = PBXFileReference; explicitFileType = wrapper.application; includeInIndex = 0; path = ExplodeKit.app; sourceTree = BUILT_PRODUCTS_DIR; };
		58E75D4A1D509DE400A38567 /* AppDelegate.swift */ = {isa = PBXFileReference; lastKnownFileType = sourcecode.swift; path = AppDelegate.swift; sourceTree = "<group>"; };
		58E75D4C1D509DE400A38567 /* ViewController.swift */ = {isa = PBXFileReference; lastKnownFileType = sourcecode.swift; path = ViewController.swift; sourceTree = "<group>"; };
		58E75D4F1D509DE400A38567 /* Base */ = {isa = PBXFileReference; lastKnownFileType = file.storyboard; name = Base; path = Base.lproj/Main.storyboard; sourceTree = "<group>"; };
		58E75D511D509DE400A38567 /* Assets.xcassets */ = {isa = PBXFileReference; lastKnownFileType = folder.assetcatalog; path = Assets.xcassets; sourceTree = "<group>"; };
		58E75D541D509DE400A38567 /* Base */ = {isa = PBXFileReference; lastKnownFileType = file.storyboard; name = Base; path = Base.lproj/LaunchScreen.storyboard; sourceTree = "<group>"; };
		58E75D561D509DE400A38567 /* Info.plist */ = {isa = PBXFileReference; lastKnownFileType = text.plist.xml; path = Info.plist; sourceTree = "<group>"; };
		58E75D5B1D509DE400A38567 /* ExplodeKitTests.xctest */ = {isa = PBXFileReference; explicitFileType = wrapper.cfbundle; includeInIndex = 0; path = ExplodeKitTests.xctest; sourceTree = BUILT_PRODUCTS_DIR; };
		58E75D5F1D509DE400A38567 /* ExplodeKitTests.swift */ = {isa = PBXFileReference; lastKnownFileType = sourcecode.swift; path = ExplodeKitTests.swift; sourceTree = "<group>"; };
		58E75D611D509DE400A38567 /* Info.plist */ = {isa = PBXFileReference; lastKnownFileType = text.plist.xml; path = Info.plist; sourceTree = "<group>"; };
		58E75D731D50C6BB00A38567 /* 1cecc7a77928ca8133fa24680a88d2f9.jpg */ = {isa = PBXFileReference; lastKnownFileType = image.jpeg; path = 1cecc7a77928ca8133fa24680a88d2f9.jpg; sourceTree = "<group>"; };
		74A44E7E1D5BD1CB0086F2B8 /* TableViewExample.swift */ = {isa = PBXFileReference; fileEncoding = 4; lastKnownFileType = sourcecode.swift; path = TableViewExample.swift; sourceTree = "<group>"; };
		74B5B7AF1D5BD7C10017EB78 /* TableViewCell.swift */ = {isa = PBXFileReference; fileEncoding = 4; lastKnownFileType = sourcecode.swift; path = TableViewCell.swift; sourceTree = "<group>"; };
/* End PBXFileReference section */

/* Begin PBXFrameworksBuildPhase section */
		58E75D441D509DE400A38567 /* Frameworks */ = {
			isa = PBXFrameworksBuildPhase;
			buildActionMask = 2147483647;
			files = (
			);
			runOnlyForDeploymentPostprocessing = 0;
		};
		58E75D581D509DE400A38567 /* Frameworks */ = {
			isa = PBXFrameworksBuildPhase;
			buildActionMask = 2147483647;
			files = (
			);
			runOnlyForDeploymentPostprocessing = 0;
		};
/* End PBXFrameworksBuildPhase section */

/* Begin PBXGroup section */
		58E75D3E1D509DE300A38567 = {
			isa = PBXGroup;
			children = (
				58E75D491D509DE400A38567 /* ExplodeKit */,
				58E75D5E1D509DE400A38567 /* ExplodeKitTests */,
				58E75D481D509DE400A38567 /* Products */,
			);
			sourceTree = "<group>";
		};
		58E75D481D509DE400A38567 /* Products */ = {
			isa = PBXGroup;
			children = (
				58E75D471D509DE400A38567 /* ExplodeKit.app */,
				58E75D5B1D509DE400A38567 /* ExplodeKitTests.xctest */,
			);
			name = Products;
			sourceTree = "<group>";
		};
		58E75D491D509DE400A38567 /* ExplodeKit */ = {
			isa = PBXGroup;
			children = (
				74A44E801D5BD5790086F2B8 /* TableViewExample */,
				58E75D4A1D509DE400A38567 /* AppDelegate.swift */,
				58E75D4C1D509DE400A38567 /* ViewController.swift */,
				58E75D731D50C6BB00A38567 /* 1cecc7a77928ca8133fa24680a88d2f9.jpg */,
				58E75D4E1D509DE400A38567 /* Main.storyboard */,
				58E75D511D509DE400A38567 /* Assets.xcassets */,
				58E75D531D509DE400A38567 /* LaunchScreen.storyboard */,
				58E75D561D509DE400A38567 /* Info.plist */,
				58ACEF6A1D51576F00CD2538 /* ExplodeKit.swift */,
			);
			path = ExplodeKit;
			sourceTree = "<group>";
		};
		58E75D5E1D509DE400A38567 /* ExplodeKitTests */ = {
			isa = PBXGroup;
			children = (
				58E75D5F1D509DE400A38567 /* ExplodeKitTests.swift */,
				58E75D611D509DE400A38567 /* Info.plist */,
			);
			path = ExplodeKitTests;
			sourceTree = "<group>";
		};
		74A44E801D5BD5790086F2B8 /* TableViewExample */ = {
			isa = PBXGroup;
			children = (
				74A44E7E1D5BD1CB0086F2B8 /* TableViewExample.swift */,
				74B5B7AF1D5BD7C10017EB78 /* TableViewCell.swift */,
			);
			name = TableViewExample;
			sourceTree = "<group>";
		};
/* End PBXGroup section */

/* Begin PBXNativeTarget section */
		58E75D461D509DE400A38567 /* ExplodeKit */ = {
			isa = PBXNativeTarget;
			buildConfigurationList = 58E75D641D509DE400A38567 /* Build configuration list for PBXNativeTarget "ExplodeKit" */;
			buildPhases = (
				58E75D431D509DE400A38567 /* Sources */,
				58E75D441D509DE400A38567 /* Frameworks */,
				58E75D451D509DE400A38567 /* Resources */,
			);
			buildRules = (
			);
			dependencies = (
			);
			name = ExplodeKit;
			productName = ExplodeKit;
			productReference = 58E75D471D509DE400A38567 /* ExplodeKit.app */;
			productType = "com.apple.product-type.application";
		};
		58E75D5A1D509DE400A38567 /* ExplodeKitTests */ = {
			isa = PBXNativeTarget;
			buildConfigurationList = 58E75D671D509DE400A38567 /* Build configuration list for PBXNativeTarget "ExplodeKitTests" */;
			buildPhases = (
				58E75D571D509DE400A38567 /* Sources */,
				58E75D581D509DE400A38567 /* Frameworks */,
				58E75D591D509DE400A38567 /* Resources */,
			);
			buildRules = (
			);
			dependencies = (
				58E75D5D1D509DE400A38567 /* PBXTargetDependency */,
			);
			name = ExplodeKitTests;
			productName = ExplodeKitTests;
			productReference = 58E75D5B1D509DE400A38567 /* ExplodeKitTests.xctest */;
			productType = "com.apple.product-type.bundle.unit-test";
		};
/* End PBXNativeTarget section */

/* Begin PBXProject section */
		58E75D3F1D509DE300A38567 /* Project object */ = {
			isa = PBXProject;
			attributes = {
				LastSwiftUpdateCheck = 0730;
				LastUpgradeCheck = 0800;
				ORGANIZATIONNAME = "Daniel Tavares";
				TargetAttributes = {
					58E75D461D509DE400A38567 = {
						CreatedOnToolsVersion = 7.3;
						DevelopmentTeam = 2Y2E7L2TP3;
						DevelopmentTeamName = "Daniel Hollis";
						LastSwiftMigration = 0800;
					};
					58E75D5A1D509DE400A38567 = {
						CreatedOnToolsVersion = 7.3;
						LastSwiftMigration = 0800;
						TestTargetID = 58E75D461D509DE400A38567;
					};
				};
			};
			buildConfigurationList = 58E75D421D509DE300A38567 /* Build configuration list for PBXProject "ExplodeKit" */;
			compatibilityVersion = "Xcode 3.2";
			developmentRegion = English;
			hasScannedForEncodings = 0;
			knownRegions = (
				en,
				Base,
			);
			mainGroup = 58E75D3E1D509DE300A38567;
			productRefGroup = 58E75D481D509DE400A38567 /* Products */;
			projectDirPath = "";
			projectRoot = "";
			targets = (
				58E75D461D509DE400A38567 /* ExplodeKit */,
				58E75D5A1D509DE400A38567 /* ExplodeKitTests */,
			);
		};
/* End PBXProject section */

/* Begin PBXResourcesBuildPhase section */
		58E75D451D509DE400A38567 /* Resources */ = {
			isa = PBXResourcesBuildPhase;
			buildActionMask = 2147483647;
			files = (
				58E75D551D509DE400A38567 /* LaunchScreen.storyboard in Resources */,
				58E75D521D509DE400A38567 /* Assets.xcassets in Resources */,
				58E75D501D509DE400A38567 /* Main.storyboard in Resources */,
				58E75D741D50C6BB00A38567 /* 1cecc7a77928ca8133fa24680a88d2f9.jpg in Resources */,
			);
			runOnlyForDeploymentPostprocessing = 0;
		};
		58E75D591D509DE400A38567 /* Resources */ = {
			isa = PBXResourcesBuildPhase;
			buildActionMask = 2147483647;
			files = (
			);
			runOnlyForDeploymentPostprocessing = 0;
		};
/* End PBXResourcesBuildPhase section */

/* Begin PBXSourcesBuildPhase section */
		58E75D431D509DE400A38567 /* Sources */ = {
			isa = PBXSourcesBuildPhase;
			buildActionMask = 2147483647;
			files = (
				74B5B7B01D5BD7C10017EB78 /* TableViewCell.swift in Sources */,
				74A44E7F1D5BD1CB0086F2B8 /* TableViewExample.swift in Sources */,
				58ACEF6B1D51576F00CD2538 /* ExplodeKit.swift in Sources */,
				58E75D4D1D509DE400A38567 /* ViewController.swift in Sources */,
				58E75D4B1D509DE400A38567 /* AppDelegate.swift in Sources */,
			);
			runOnlyForDeploymentPostprocessing = 0;
		};
		58E75D571D509DE400A38567 /* Sources */ = {
			isa = PBXSourcesBuildPhase;
			buildActionMask = 2147483647;
			files = (
				58E75D601D509DE400A38567 /* ExplodeKitTests.swift in Sources */,
			);
			runOnlyForDeploymentPostprocessing = 0;
		};
/* End PBXSourcesBuildPhase section */

/* Begin PBXTargetDependency section */
		58E75D5D1D509DE400A38567 /* PBXTargetDependency */ = {
			isa = PBXTargetDependency;
			target = 58E75D461D509DE400A38567 /* ExplodeKit */;
			targetProxy = 58E75D5C1D509DE400A38567 /* PBXContainerItemProxy */;
		};
/* End PBXTargetDependency section */

/* Begin PBXVariantGroup section */
		58E75D4E1D509DE400A38567 /* Main.storyboard */ = {
			isa = PBXVariantGroup;
			children = (
				58E75D4F1D509DE400A38567 /* Base */,
			);
			name = Main.storyboard;
			sourceTree = "<group>";
		};
		58E75D531D509DE400A38567 /* LaunchScreen.storyboard */ = {
			isa = PBXVariantGroup;
			children = (
				58E75D541D509DE400A38567 /* Base */,
			);
			name = LaunchScreen.storyboard;
			sourceTree = "<group>";
		};
/* End PBXVariantGroup section */

/* Begin XCBuildConfiguration section */
		58E75D621D509DE400A38567 /* Debug */ = {
			isa = XCBuildConfiguration;
			buildSettings = {
				ALWAYS_SEARCH_USER_PATHS = NO;
				CLANG_ANALYZER_NONNULL = YES;
				CLANG_CXX_LANGUAGE_STANDARD = "gnu++0x";
				CLANG_CXX_LIBRARY = "libc++";
				CLANG_ENABLE_MODULES = YES;
				CLANG_ENABLE_OBJC_ARC = YES;
				CLANG_WARN_BOOL_CONVERSION = YES;
				CLANG_WARN_CONSTANT_CONVERSION = YES;
				CLANG_WARN_DIRECT_OBJC_ISA_USAGE = YES_ERROR;
				CLANG_WARN_EMPTY_BODY = YES;
				CLANG_WARN_ENUM_CONVERSION = YES;
				CLANG_WARN_INT_CONVERSION = YES;
				CLANG_WARN_OBJC_ROOT_CLASS = YES_ERROR;
				CLANG_WARN_UNREACHABLE_CODE = YES;
				CLANG_WARN__DUPLICATE_METHOD_MATCH = YES;
				"CODE_SIGN_IDENTITY[sdk=iphoneos*]" = "iPhone Developer";
				COPY_PHASE_STRIP = NO;
				DEBUG_INFORMATION_FORMAT = dwarf;
				ENABLE_STRICT_OBJC_MSGSEND = YES;
				ENABLE_TESTABILITY = YES;
				GCC_C_LANGUAGE_STANDARD = gnu99;
				GCC_DYNAMIC_NO_PIC = NO;
				GCC_NO_COMMON_BLOCKS = YES;
				GCC_OPTIMIZATION_LEVEL = 0;
				GCC_PREPROCESSOR_DEFINITIONS = (
					"DEBUG=1",
					"$(inherited)",
				);
				GCC_WARN_64_TO_32_BIT_CONVERSION = YES;
				GCC_WARN_ABOUT_RETURN_TYPE = YES_ERROR;
				GCC_WARN_UNDECLARED_SELECTOR = YES;
				GCC_WARN_UNINITIALIZED_AUTOS = YES_AGGRESSIVE;
				GCC_WARN_UNUSED_FUNCTION = YES;
				GCC_WARN_UNUSED_VARIABLE = YES;
				IPHONEOS_DEPLOYMENT_TARGET = 9.3;
				MTL_ENABLE_DEBUG_INFO = YES;
				ONLY_ACTIVE_ARCH = YES;
				SDKROOT = iphoneos;
				SWIFT_OPTIMIZATION_LEVEL = "-Onone";
				TARGETED_DEVICE_FAMILY = "1,2";
			};
			name = Debug;
		};
		58E75D631D509DE400A38567 /* Release */ = {
			isa = XCBuildConfiguration;
			buildSettings = {
				ALWAYS_SEARCH_USER_PATHS = NO;
				CLANG_ANALYZER_NONNULL = YES;
				CLANG_CXX_LANGUAGE_STANDARD = "gnu++0x";
				CLANG_CXX_LIBRARY = "libc++";
				CLANG_ENABLE_MODULES = YES;
				CLANG_ENABLE_OBJC_ARC = YES;
				CLANG_WARN_BOOL_CONVERSION = YES;
				CLANG_WARN_CONSTANT_CONVERSION = YES;
				CLANG_WARN_DIRECT_OBJC_ISA_USAGE = YES_ERROR;
				CLANG_WARN_EMPTY_BODY = YES;
				CLANG_WARN_ENUM_CONVERSION = YES;
				CLANG_WARN_INT_CONVERSION = YES;
				CLANG_WARN_OBJC_ROOT_CLASS = YES_ERROR;
				CLANG_WARN_UNREACHABLE_CODE = YES;
				CLANG_WARN__DUPLICATE_METHOD_MATCH = YES;
				"CODE_SIGN_IDENTITY[sdk=iphoneos*]" = "iPhone Developer";
				COPY_PHASE_STRIP = NO;
				DEBUG_INFORMATION_FORMAT = "dwarf-with-dsym";
				ENABLE_NS_ASSERTIONS = NO;
				ENABLE_STRICT_OBJC_MSGSEND = YES;
				GCC_C_LANGUAGE_STANDARD = gnu99;
				GCC_NO_COMMON_BLOCKS = YES;
				GCC_WARN_64_TO_32_BIT_CONVERSION = YES;
				GCC_WARN_ABOUT_RETURN_TYPE = YES_ERROR;
				GCC_WARN_UNDECLARED_SELECTOR = YES;
				GCC_WARN_UNINITIALIZED_AUTOS = YES_AGGRESSIVE;
				GCC_WARN_UNUSED_FUNCTION = YES;
				GCC_WARN_UNUSED_VARIABLE = YES;
				IPHONEOS_DEPLOYMENT_TARGET = 9.3;
				MTL_ENABLE_DEBUG_INFO = NO;
				SDKROOT = iphoneos;
				TARGETED_DEVICE_FAMILY = "1,2";
				VALIDATE_PRODUCT = YES;
			};
			name = Release;
		};
		58E75D651D509DE400A38567 /* Debug */ = {
			isa = XCBuildConfiguration;
			buildSettings = {
				ASSETCATALOG_COMPILER_APPICON_NAME = AppIcon;
				INFOPLIST_FILE = ExplodeKit/Info.plist;
				LD_RUNPATH_SEARCH_PATHS = "$(inherited) @executable_path/Frameworks";
				PRODUCT_BUNDLE_IDENTIFIER = com.raflfepixel.ExplodeKit;
				PRODUCT_NAME = "$(TARGET_NAME)";
				SWIFT_VERSION = 3.0;
			};
			name = Debug;
		};
		58E75D661D509DE400A38567 /* Release */ = {
			isa = XCBuildConfiguration;
			buildSettings = {
				ASSETCATALOG_COMPILER_APPICON_NAME = AppIcon;
				INFOPLIST_FILE = ExplodeKit/Info.plist;
				LD_RUNPATH_SEARCH_PATHS = "$(inherited) @executable_path/Frameworks";
				PRODUCT_BUNDLE_IDENTIFIER = com.raflfepixel.ExplodeKit;
				PRODUCT_NAME = "$(TARGET_NAME)";
				SWIFT_OPTIMIZATION_LEVEL = "-Owholemodule";
				SWIFT_VERSION = 3.0;
			};
			name = Release;
		};
		58E75D681D509DE400A38567 /* Debug */ = {
			isa = XCBuildConfiguration;
			buildSettings = {
				BUNDLE_LOADER = "$(TEST_HOST)";
				INFOPLIST_FILE = ExplodeKitTests/Info.plist;
				LD_RUNPATH_SEARCH_PATHS = "$(inherited) @executable_path/Frameworks @loader_path/Frameworks";
				PRODUCT_BUNDLE_IDENTIFIER = com.raflfepixel.ExplodeKitTests;
				PRODUCT_NAME = "$(TARGET_NAME)";
				SWIFT_VERSION = 3.0;
				TEST_HOST = "$(BUILT_PRODUCTS_DIR)/ExplodeKit.app/ExplodeKit";
			};
			name = Debug;
		};
		58E75D691D509DE400A38567 /* Release */ = {
			isa = XCBuildConfiguration;
			buildSettings = {
				BUNDLE_LOADER = "$(TEST_HOST)";
				INFOPLIST_FILE = ExplodeKitTests/Info.plist;
				LD_RUNPATH_SEARCH_PATHS = "$(inherited) @executable_path/Frameworks @loader_path/Frameworks";
				PRODUCT_BUNDLE_IDENTIFIER = com.raflfepixel.ExplodeKitTests;
				PRODUCT_NAME = "$(TARGET_NAME)";
				SWIFT_OPTIMIZATION_LEVEL = "-Owholemodule";
				SWIFT_VERSION = 3.0;
				TEST_HOST = "$(BUILT_PRODUCTS_DIR)/ExplodeKit.app/ExplodeKit";
			};
			name = Release;
		};
/* End XCBuildConfiguration section */

/* Begin XCConfigurationList section */
		58E75D421D509DE300A38567 /* Build configuration list for PBXProject "ExplodeKit" */ = {
			isa = XCConfigurationList;
			buildConfigurations = (
				58E75D621D509DE400A38567 /* Debug */,
				58E75D631D509DE400A38567 /* Release */,
			);
			defaultConfigurationIsVisible = 0;
			defaultConfigurationName = Release;
		};
		58E75D641D509DE400A38567 /* Build configuration list for PBXNativeTarget "ExplodeKit" */ = {
			isa = XCConfigurationList;
			buildConfigurations = (
				58E75D651D509DE400A38567 /* Debug */,
				58E75D661D509DE400A38567 /* Release */,
			);
			defaultConfigurationIsVisible = 0;
			defaultConfigurationName = Release;
		};
		58E75D671D509DE400A38567 /* Build configuration list for PBXNativeTarget "ExplodeKitTests" */ = {
			isa = XCConfigurationList;
			buildConfigurations = (
				58E75D681D509DE400A38567 /* Debug */,
				58E75D691D509DE400A38567 /* Release */,
			);
			defaultConfigurationIsVisible = 0;
			defaultConfigurationName = Release;
		};
/* End XCConfigurationList section */
	};
	rootObject = 58E75D3F1D509DE300A38567 /* Project object */;
}
